
Microsoft Visual Studio Solution File, Format Version 12.00
# Visual Studio Version 16
VisualStudioVersion = 16.0.29001.49
MinimumVisualStudioVersion = 10.0.40219.1
Project("{8BC9CEB8-8B4A-11D0-8D11-00A0C91BC942}") = "user32", "user32\user32.vcxproj", "{D08F40FA-09FE-4402-BC47-B99F83B53968}"
EndProject
Global
	GlobalSection(SolutionConfigurationPlatforms) = preSolution
		Debug|x64 = Debug|x64
		Debug|x86 = Debug|x86
		Release|x64 = Release|x64
		Release|x86 = Release|x86
	EndGlobalSection
	GlobalSection(ProjectConfigurationPlatforms) = postSolution
		{D08F40FA-09FE-4402-BC47-B99F83B53968}.Debug|x64.ActiveCfg = Debug|x64
		{D08F40FA-09FE-4402-BC47-B99F83B53968}.Debug|x64.Build.0 = Debug|x64
		{D08F40FA-09FE-4402-BC47-B99F83B53968}.Debug|x86.ActiveCfg = Debug|Win32
		{D08F40FA-09FE-4402-BC47-B99F83B53968}.Debug|x86.Build.0 = Debug|Win32
		{D08F40FA-09FE-4402-BC47-B99F83B53968}.Release|x64.ActiveCfg = Release|x64
		{D08F40FA-09FE-4402-BC47-B99F83B53968}.Release|x64.Build.0 = Release|x64
		{D08F40FA-09FE-4402-BC47-B99F83B53968}.Release|x86.ActiveCfg = Release|Win32
		{D08F40FA-09FE-4402-BC47-B99F83B53968}.Release|x86.Build.0 = Release|Win32
	EndGlobalSection
	GlobalSection(SolutionProperties) = preSolution
		HideSolutionNode = FALSE
	EndGlobalSection
	GlobalSection(ExtensibilityGlobals) = postSolution
		SolutionGuid = {4A5417AD-16A8-4099-8666-C9AAD4524F0D}
	EndGlobalSection
EndGlobal
